
Microsoft Visual Studio Solution File, Format Version 12.00
# Visual Studio Version 17
VisualStudioVersion = 17.4.33122.133
MinimumVisualStudioVersion = 10.0.40219.1
Project("{FAE04EC0-301F-11D3-BF4B-00C04F79EFBC}") = "Rectangles", "Rectangles.csproj", "{06823D9F-1C79-4CCA-AB05-D39356D1661D}"
EndProject
Global
	GlobalSection(SolutionConfigurationPlatforms) = preSolution
		Debug|Any CPU = Debug|Any CPU
		Release|Any CPU = Release|Any CPU
	EndGlobalSection
	GlobalSection(ProjectConfigurationPlatforms) = postSolution
		{06823D9F-1C79-4CCA-AB05-D39356D1661D}.Debug|Any CPU.ActiveCfg = Debug|Any CPU
		{06823D9F-1C79-4CCA-AB05-D39356D1661D}.Debug|Any CPU.Build.0 = Debug|Any CPU
		{06823D9F-1C79-4CCA-AB05-D39356D1661D}.Release|Any CPU.ActiveCfg = Release|Any CPU
		{06823D9F-1C79-4CCA-AB05-D39356D1661D}.Release|Any CPU.Build.0 = Release|Any CPU
	EndGlobalSection
	GlobalSection(SolutionProperties) = preSolution
		HideSolutionNode = FALSE
	EndGlobalSection
	GlobalSection(ExtensibilityGlobals) = postSolution
		SolutionGuid = {E55125A8-D12A-410D-9613-DCB7C8B2274B}
	EndGlobalSection
EndGlobal
